Microsoft Visual Studio Solution File, Format Version 12.00
# Visual Studio Version 17
VisualStudioVersion = 17.5.2.0
MinimumVisualStudioVersion = 10.0.40219.1
Project("{FAE04EC0-301F-11D3-BF4B-00C04F79EFBC}") = "MQControlador", "MQControlador\MQControlador.csproj", "{FF16ECF5-DAD4-0EA3-EBB3-E03932E79720}"
EndProject
Global
	GlobalSection(SolutionConfigurationPlatforms) = preSolution
		Debug|Any CPU = Debug|Any CPU
		Release|Any CPU = Release|Any CPU
	EndGlobalSection
	GlobalSection(ProjectConfigurationPlatforms) = postSolution
		{FF16ECF5-DAD4-0EA3-EBB3-E03932E79720}.Debug|Any CPU.ActiveCfg = Debug|Any CPU
		{FF16ECF5-DAD4-0EA3-EBB3-E03932E79720}.Debug|Any CPU.Build.0 = Debug|Any CPU
		{FF16ECF5-DAD4-0EA3-EBB3-E03932E79720}.Release|Any CPU.ActiveCfg = Release|Any CPU
		{FF16ECF5-DAD4-0EA3-EBB3-E03932E79720}.Release|Any CPU.Build.0 = Release|Any CPU
	EndGlobalSection
	GlobalSection(SolutionProperties) = preSolution
		HideSolutionNode = FALSE
	EndGlobalSection
	GlobalSection(ExtensibilityGlobals) = postSolution
		SolutionGuid = {328C0832-1E54-467A-B2AF-AF2D77D92E68}
	EndGlobalSection
EndGlobal
